<?xml version="1.0" encoding="utf-8"?>
<Project ToolsVersion="4.0" xmlns="http://schemas.microsoft.com/developer/msbuild/2003">
  <ItemGroup>
    <Filter Include="src">
      <UniqueIdentifier>{2DAB880B-99B4-887C-2230-9F7C8E38947C}</UniqueIdentifier>
    </Filter>
    <Filter Include="src\RenderingEngine">
      <UniqueIdentifier>{50F7EAF1-BC58-C8FF-45C6-0EB2B126FFBE}</UniqueIdentifier>
    </Filter>
    <Filter Include="src\RenderingEngine\Core">
      <UniqueIdentifier>{A82D739C-9452-C21C-BD9D-A7ACA921C13A}</UniqueIdentifier>
    </Filter>
    <Filter Include="src\RenderingEngine\Core\Logging">
      <UniqueIdentifier>{3E36C9F5-2A87-B437-53EB-A2F93F9B47A1}</UniqueIdentifier>
    </Filter>
    <Filter Include="vendor">
      <UniqueIdentifier>{B3738122-9F15-ACF8-88D0-BF4C74113349}</UniqueIdentifier>
    </Filter>
    <Filter Include="vendor\imgui">
      <UniqueIdentifier>{5D3BD0F0-499E-5F95-F223-984BDE652B18}</UniqueIdentifier>
    </Filter>
    <Filter Include="vendor\imgui\backends">
      <UniqueIdentifier>{27CEAEAF-933A-6AAA-5C2E-0208C8598C12}</UniqueIdentifier>
    </Filter>
  </ItemGroup>
  <ItemGroup>
    <ClInclude Include="src\RenderingEngine\Core\Logging\Log.h">
      <Filter>src\RenderingEngine\Core\Logging</Filter>
    </ClInclude>
    <ClInclude Include="src\RenderingEngine\Core\Logging\LogManager.h">
      <Filter>src\RenderingEngine\Core\Logging</Filter>
    </ClInclude>
    <ClInclude Include="src\RenderingEngine\RenderEngine.h">
      <Filter>src\RenderingEngine</Filter>
    </ClInclude>
  </ItemGroup>
  <ItemGroup>
    <ClCompile Include="src\RenderingEngine\Core\Logging\LogManager.cpp">
      <Filter>src\RenderingEngine\Core\Logging</Filter>
    </ClCompile>
    <ClCompile Include="src\main.cpp">
      <Filter>src</Filter>
    </ClCompile>
    <ClCompile Include="vendor\imgui\backends\imgui_impl_opengl3.cpp">
      <Filter>vendor\imgui\backends</Filter>
    </ClCompile>
    <ClCompile Include="vendor\imgui\backends\imgui_impl_sdl3.cpp">
      <Filter>vendor\imgui\backends</Filter>
    </ClCompile>
    <ClCompile Include="vendor\imgui\imgui.cpp">
      <Filter>vendor\imgui</Filter>
    </ClCompile>
    <ClCompile Include="vendor\imgui\imgui_demo.cpp">
      <Filter>vendor\imgui</Filter>
    </ClCompile>
    <ClCompile Include="vendor\imgui\imgui_draw.cpp">
      <Filter>vendor\imgui</Filter>
    </ClCompile>
    <ClCompile Include="vendor\imgui\imgui_tables.cpp">
      <Filter>vendor\imgui</Filter>
    </ClCompile>
    <ClCompile Include="vendor\imgui\imgui_widgets.cpp">
      <Filter>vendor\imgui</Filter>
    </ClCompile>
  </ItemGroup>
</Project>